{
  "nodes": {
    "nixpkgs": {
      "locked": {
        "lastModified": 1787736819,
        "narHash": "sha256-cV5xEJJK3BvhU8rEd4mC9UsmDi5qscv/kzGPhBRC5WA=",
        "owner": "NixOS",
        "repo": "nixpkgs",
        "rev": "9fbb54b33e91ee4ca368e35a78e0613c720600b3",
        "type": "github"
      },
      "original": {
        "owner": "NixOS",
        "ref": "nixos-unstable",
        "repo": "nixpkgs",
        "type": "github"
      }
    },
    "prolog-rlm": {
      "flake": false,
      "locked": {
        "lastModified": 1788008639,
        "narHash": "sha256-+16sXtJWEmfL8bCWlCi96zksc6O37bPVXXzkgLJJOgU=",
        "owner": "lost-rob0t",
        "repo": "prolog-rlm",
        "rev": "b654831a0150a593821179da1d3886dfd64deb5c",
        "type": "github"
      },
      "original": {
        "owner": "lost-rob0t",
        "repo": "prolog-rlm",
        "rev": "b654831a0150a593821179da1d3886dfd64deb5c",
        "type": "github"
      }
    },
    "root": {
      "inputs": {
        "nixpkgs": "nixpkgs",
        "prolog-rlm": "prolog-rlm"
      }
    }
  },
  "root": "root",
  "version": 7
}
